// !$*UTF8*$!
{
	archiveVersion = 1;
	classes = {
	};
	objectVersion = 56;
	objects = {

/* Begin PBXBuildFile section */
		5A73F883294CC42A00C169AE /* AppDelegate.swift in Sources */ = {isa = PBXBuildFile; fileRef = 5A73F882294CC42A00C169AE /* AppDelegate.swift */; };
		5A73F885294CC42A00C169AE /* SceneDelegate.swift in Sources */ = {isa = PBXBuildFile; fileRef = 5A73F884294CC42A00C169AE /* SceneDelegate.swift */; };
		5A73F887294CC42A00C169AE /* ViewController.swift in Sources */ = {isa = PBXBuildFile; fileRef = 5A73F886294CC42A00C169AE /* ViewController.swift */; };
		5A73F88C294CC42B00C169AE /* Assets.xcassets in Resources */ = {isa = PBXBuildFile; fileRef = 5A73F88B294CC42B00C169AE /* Assets.xcassets */; };
		5A73F88F294CC42B00C169AE /* LaunchScreen.storyboard in Resources */ = {isa = PBXBuildFile; fileRef = 5A73F88D294CC42B00C169AE /* LaunchScreen.storyboard */; };
		5A73F8A4294CC78E00C169AE /* Meme.swift in Sources */ = {isa = PBXBuildFile; fileRef = 5A73F8A3294CC78E00C169AE /* Meme.swift */; };
		5A73F8A6294CC7AA00C169AE /* MemesResponse.swift in Sources */ = {isa = PBXBuildFile; fileRef = 5A73F8A5294CC7AA00C169AE /* MemesResponse.swift */; };
		5A73F8A8294CC8A400C169AE /* MemeService.swift in Sources */ = {isa = PBXBuildFile; fileRef = 5A73F8A7294CC8A400C169AE /* MemeService.swift */; };
		5A73F8AA294CC8E800C169AE /* HTTPError.swift in Sources */ = {isa = PBXBuildFile; fileRef = 5A73F8A9294CC8E800C169AE /* HTTPError.swift */; };
		5A73F8AC294CC8F500C169AE /* MockError.swift in Sources */ = {isa = PBXBuildFile; fileRef = 5A73F8AB294CC8F500C169AE /* MockError.swift */; };
		5A73F8AE294CC93B00C169AE /* MemesRequest.swift in Sources */ = {isa = PBXBuildFile; fileRef = 5A73F8AD294CC93B00C169AE /* MemesRequest.swift */; };
		5A73F8B0294CCA5B00C169AE /* memesResponseMock.json in Resources */ = {isa = PBXBuildFile; fileRef = 5A73F8AF294CCA5B00C169AE /* memesResponseMock.json */; };
		5A73F8B2294CCA8800C169AE /* MemesVM.swift in Sources */ = {isa = PBXBuildFile; fileRef = 5A73F8B1294CCA8800C169AE /* MemesVM.swift */; };
		5A73F8B4294CCB5F00C169AE /* HomeView.swift in Sources */ = {isa = PBXBuildFile; fileRef = 5A73F8B3294CCB5F00C169AE /* HomeView.swift */; };
		5A73F8B6294CD56700C169AE /* MemesListView.swift in Sources */ = {isa = PBXBuildFile; fileRef = 5A73F8B5294CD56700C169AE /* MemesListView.swift */; };
/* End PBXBuildFile section */

/* Begin PBXFileReference section */
		5A73F87F294CC42A00C169AE /* masterofmemes.app */ = {isa = PBXFileReference; explicitFileType = wrapper.application; includeInIndex = 0; path = masterofmemes.app; sourceTree = BUILT_PRODUCTS_DIR; };
		5A73F882294CC42A00C169AE /* AppDelegate.swift */ = {isa = PBXFileReference; lastKnownFileType = sourcecode.swift; path = AppDelegate.swift; sourceTree = "<group>"; };
		5A73F884294CC42A00C169AE /* SceneDelegate.swift */ = {isa = PBXFileReference; lastKnownFileType = sourcecode.swift; path = SceneDelegate.swift; sourceTree = "<group>"; };
		5A73F886294CC42A00C169AE /* ViewController.swift */ = {isa = PBXFileReference; lastKnownFileType = sourcecode.swift; path = ViewController.swift; sourceTree = "<group>"; };
		5A73F88B294CC42B00C169AE /* Assets.xcassets */ = {isa = PBXFileReference; lastKnownFileType = folder.assetcatalog; path = Assets.xcassets; sourceTree = "<group>"; };
		5A73F88E294CC42B00C169AE /* Base */ = {isa = PBXFileReference; lastKnownFileType = file.storyboard; name = Base; path = Base.lproj/LaunchScreen.storyboard; sourceTree = "<group>"; };
		5A73F890294CC42B00C169AE /* Info.plist */ = {isa = PBXFileReference; lastKnownFileType = text.plist.xml; path = Info.plist; sourceTree = "<group>"; };
		5A73F8A3294CC78E00C169AE /* Meme.swift */ = {isa = PBXFileReference; lastKnownFileType = sourcecode.swift; path = Meme.swift; sourceTree = "<group>"; };
		5A73F8A5294CC7AA00C169AE /* MemesResponse.swift */ = {isa = PBXFileReference; lastKnownFileType = sourcecode.swift; path = MemesResponse.swift; sourceTree = "<group>"; };
		5A73F8A7294CC8A400C169AE /* MemeService.swift */ = {isa = PBXFileReference; lastKnownFileType = sourcecode.swift; path = MemeService.swift; sourceTree = "<group>"; };
		5A73F8A9294CC8E800C169AE /* HTTPError.swift */ = {isa = PBXFileReference; lastKnownFileType = sourcecode.swift; path = HTTPError.swift; sourceTree = "<group>"; };
		5A73F8AB294CC8F500C169AE /* MockError.swift */ = {isa = PBXFileReference; lastKnownFileType = sourcecode.swift; path = MockError.swift; sourceTree = "<group>"; };
		5A73F8AD294CC93B00C169AE /* MemesRequest.swift */ = {isa = PBXFileReference; lastKnownFileType = sourcecode.swift; path = MemesRequest.swift; sourceTree = "<group>"; };
		5A73F8AF294CCA5B00C169AE /* memesResponseMock.json */ = {isa = PBXFileReference; fileEncoding = 4; lastKnownFileType = text.json; path = memesResponseMock.json; sourceTree = "<group>"; };
		5A73F8B1294CCA8800C169AE /* MemesVM.swift */ = {isa = PBXFileReference; lastKnownFileType = sourcecode.swift; path = MemesVM.swift; sourceTree = "<group>"; };
		5A73F8B3294CCB5F00C169AE /* HomeView.swift */ = {isa = PBXFileReference; lastKnownFileType = sourcecode.swift; path = HomeView.swift; sourceTree = "<group>"; };
		5A73F8B5294CD56700C169AE /* MemesListView.swift */ = {isa = PBXFileReference; lastKnownFileType = sourcecode.swift; path = MemesListView.swift; sourceTree = "<group>"; };
/* End PBXFileReference section */

/* Begin PBXFrameworksBuildPhase section */
		5A73F87C294CC42A00C169AE /* Frameworks */ = {
			isa = PBXFrameworksBuildPhase;
			buildActionMask = 2147483647;
			files = (
			);
			runOnlyForDeploymentPostprocessing = 0;
		};
/* End PBXFrameworksBuildPhase section */

/* Begin PBXGroup section */
		5A73F876294CC42A00C169AE = {
			isa = PBXGroup;
			children = (
				5A73F881294CC42A00C169AE /* masterofmemes */,
				5A73F880294CC42A00C169AE /* Products */,
			);
			sourceTree = "<group>";
		};
		5A73F880294CC42A00C169AE /* Products */ = {
			isa = PBXGroup;
			children = (
				5A73F87F294CC42A00C169AE /* masterofmemes.app */,
			);
			name = Products;
			sourceTree = "<group>";
		};
		5A73F881294CC42A00C169AE /* masterofmemes */ = {
			isa = PBXGroup;
			children = (
				5A73F882294CC42A00C169AE /* AppDelegate.swift */,
				5A73F884294CC42A00C169AE /* SceneDelegate.swift */,
				5A73F896294CC57500C169AE /* API */,
				5A73F89A294CC59000C169AE /* Views */,
				5A73F89C294CC59900C169AE /* Screens */,
				5A73F89D294CC59F00C169AE /* UIViews */,
				5A73F89B294CC59300C169AE /* ViewControllers */,
				5A73F89E294CC5B300C169AE /* ViewModels */,
				5A73F8A1294CC5C900C169AE /* Resources */,
				5A73F8A0294CC5BB00C169AE /* Utilities */,
				5A73F89F294CC5B700C169AE /* Extensions */,
				5A73F88B294CC42B00C169AE /* Assets.xcassets */,
				5A73F88D294CC42B00C169AE /* LaunchScreen.storyboard */,
				5A73F890294CC42B00C169AE /* Info.plist */,
			);
			path = masterofmemes;
			sourceTree = "<group>";
		};
		5A73F896294CC57500C169AE /* API */ = {
			isa = PBXGroup;
			children = (
				5A73F8A7294CC8A400C169AE /* MemeService.swift */,
				5A73F8A2294CC77F00C169AE /* Models */,
				5A73F899294CC58700C169AE /* Requests */,
				5A73F898294CC57D00C169AE /* Responses */,
			);
			path = API;
			sourceTree = "<group>";
		};
		5A73F898294CC57D00C169AE /* Responses */ = {
			isa = PBXGroup;
			children = (
				5A73F8A5294CC7AA00C169AE /* MemesResponse.swift */,
			);
			path = Responses;
			sourceTree = "<group>";
		};
		5A73F899294CC58700C169AE /* Requests */ = {
			isa = PBXGroup;
			children = (
				5A73F8AD294CC93B00C169AE /* MemesRequest.swift */,
			);
			path = Requests;
			sourceTree = "<group>";
		};
		5A73F89A294CC59000C169AE /* Views */ = {
			isa = PBXGroup;
			children = (
				5A73F8B5294CD56700C169AE /* MemesListView.swift */,
			);
			path = Views;
			sourceTree = "<group>";
		};
		5A73F89B294CC59300C169AE /* ViewControllers */ = {
			isa = PBXGroup;
			children = (
				5A73F886294CC42A00C169AE /* ViewController.swift */,
			);
			path = ViewControllers;
			sourceTree = "<group>";
		};
		5A73F89C294CC59900C169AE /* Screens */ = {
			isa = PBXGroup;
			children = (
				5A73F8B3294CCB5F00C169AE /* HomeView.swift */,
			);
			path = Screens;
			sourceTree = "<group>";
		};
		5A73F89D294CC59F00C169AE /* UIViews */ = {
			isa = PBXGroup;
			children = (
			);
			path = UIViews;
			sourceTree = "<group>";
		};
		5A73F89E294CC5B300C169AE /* ViewModels */ = {
			isa = PBXGroup;
			children = (
				5A73F8B1294CCA8800C169AE /* MemesVM.swift */,
			);
			path = ViewModels;
			sourceTree = "<group>";
		};
		5A73F89F294CC5B700C169AE /* Extensions */ = {
			isa = PBXGroup;
			children = (
			);
			path = Extensions;
			sourceTree = "<group>";
		};
		5A73F8A0294CC5BB00C169AE /* Utilities */ = {
			isa = PBXGroup;
			children = (
			);
			path = Utilities;
			sourceTree = "<group>";
		};
		5A73F8A1294CC5C900C169AE /* Resources */ = {
			isa = PBXGroup;
			children = (
				5A73F8AF294CCA5B00C169AE /* memesResponseMock.json */,
			);
			path = Resources;
			sourceTree = "<group>";
		};
		5A73F8A2294CC77F00C169AE /* Models */ = {
			isa = PBXGroup;
			children = (
				5A73F8A3294CC78E00C169AE /* Meme.swift */,
				5A73F8A9294CC8E800C169AE /* HTTPError.swift */,
				5A73F8AB294CC8F500C169AE /* MockError.swift */,
			);
			name = Models;
			path = ../Models;
			sourceTree = "<group>";
		};
/* End PBXGroup section */

/* Begin PBXNativeTarget section */
		5A73F87E294CC42A00C169AE /* masterofmemes */ = {
			isa = PBXNativeTarget;
			buildConfigurationList = 5A73F893294CC42B00C169AE /* Build configuration list for PBXNativeTarget "masterofmemes" */;
			buildPhases = (
				5A73F87B294CC42A00C169AE /* Sources */,
				5A73F87C294CC42A00C169AE /* Frameworks */,
				5A73F87D294CC42A00C169AE /* Resources */,
			);
			buildRules = (
			);
			dependencies = (
			);
			name = masterofmemes;
			productName = masterofmemes;
			productReference = 5A73F87F294CC42A00C169AE /* masterofmemes.app */;
			productType = "com.apple.product-type.application";
		};
/* End PBXNativeTarget section */

/* Begin PBXProject section */
		5A73F877294CC42A00C169AE /* Project object */ = {
			isa = PBXProject;
			attributes = {
				BuildIndependentTargetsInParallel = 1;
				LastSwiftUpdateCheck = 1420;
				LastUpgradeCheck = 1420;
				TargetAttributes = {
					5A73F87E294CC42A00C169AE = {
						CreatedOnToolsVersion = 14.2;
					};
				};
			};
			buildConfigurationList = 5A73F87A294CC42A00C169AE /* Build configuration list for PBXProject "masterofmemes" */;
			compatibilityVersion = "Xcode 14.0";
			developmentRegion = en;
			hasScannedForEncodings = 0;
			knownRegions = (
				en,
				Base,
			);
			mainGroup = 5A73F876294CC42A00C169AE;
			productRefGroup = 5A73F880294CC42A00C169AE /* Products */;
			projectDirPath = "";
			projectRoot = "";
			targets = (
				5A73F87E294CC42A00C169AE /* masterofmemes */,
			);
		};
/* End PBXProject section */

/* Begin PBXResourcesBuildPhase section */
		5A73F87D294CC42A00C169AE /* Resources */ = {
			isa = PBXResourcesBuildPhase;
			buildActionMask = 2147483647;
			files = (
				5A73F88F294CC42B00C169AE /* LaunchScreen.storyboard in Resources */,
				5A73F8B0294CCA5B00C169AE /* memesResponseMock.json in Resources */,
				5A73F88C294CC42B00C169AE /* Assets.xcassets in Resources */,
			);
			runOnlyForDeploymentPostprocessing = 0;
		};
/* End PBXResourcesBuildPhase section */

/* Begin PBXSourcesBuildPhase section */
		5A73F87B294CC42A00C169AE /* Sources */ = {
			isa = PBXSourcesBuildPhase;
			buildActionMask = 2147483647;
			files = (
				5A73F8B6294CD56700C169AE /* MemesListView.swift in Sources */,
				5A73F887294CC42A00C169AE /* ViewController.swift in Sources */,
				5A73F8A4294CC78E00C169AE /* Meme.swift in Sources */,
				5A73F8B2294CCA8800C169AE /* MemesVM.swift in Sources */,
				5A73F8AA294CC8E800C169AE /* HTTPError.swift in Sources */,
				5A73F8A6294CC7AA00C169AE /* MemesResponse.swift in Sources */,
				5A73F8A8294CC8A400C169AE /* MemeService.swift in Sources */,
				5A73F883294CC42A00C169AE /* AppDelegate.swift in Sources */,
				5A73F8AC294CC8F500C169AE /* MockError.swift in Sources */,
				5A73F885294CC42A00C169AE /* SceneDelegate.swift in Sources */,
				5A73F8B4294CCB5F00C169AE /* HomeView.swift in Sources */,
				5A73F8AE294CC93B00C169AE /* MemesRequest.swift in Sources */,
			);
			runOnlyForDeploymentPostprocessing = 0;
		};
/* End PBXSourcesBuildPhase section */

/* Begin PBXVariantGroup section */
		5A73F88D294CC42B00C169AE /* LaunchScreen.storyboard */ = {
			isa = PBXVariantGroup;
			children = (
				5A73F88E294CC42B00C169AE /* Base */,
			);
			name = LaunchScreen.storyboard;
			sourceTree = "<group>";
		};
/* End PBXVariantGroup section */

/* Begin XCBuildConfiguration section */
		5A73F891294CC42B00C169AE /* Debug */ = {
			isa = XCBuildConfiguration;
			buildSettings = {
				ALWAYS_SEARCH_USER_PATHS = NO;
				CLANG_ANALYZER_NONNULL = YES;
				CLANG_ANALYZER_NUMBER_OBJECT_CONVERSION = YES_AGGRESSIVE;
				CLANG_CXX_LANGUAGE_STANDARD = "gnu++20";
				CLANG_ENABLE_MODULES = YES;
				CLANG_ENABLE_OBJC_ARC = YES;
				CLANG_ENABLE_OBJC_WEAK = YES;
				CLANG_WARN_BLOCK_CAPTURE_AUTORELEASING = YES;
				CLANG_WARN_BOOL_CONVERSION = YES;
				CLANG_WARN_COMMA = YES;
				CLANG_WARN_CONSTANT_CONVERSION = YES;
				CLANG_WARN_DEPRECATED_OBJC_IMPLEMENTATIONS = YES;
				CLANG_WARN_DIRECT_OBJC_ISA_USAGE = YES_ERROR;
				CLANG_WARN_DOCUMENTATION_COMMENTS = YES;
				CLANG_WARN_EMPTY_BODY = YES;
				CLANG_WARN_ENUM_CONVERSION = YES;
				CLANG_WARN_INFINITE_RECURSION = YES;
				CLANG_WARN_INT_CONVERSION = YES;
				CLANG_WARN_NON_LITERAL_NULL_CONVERSION = YES;
				CLANG_WARN_OBJC_IMPLICIT_RETAIN_SELF = YES;
				CLANG_WARN_OBJC_LITERAL_CONVERSION = YES;
				CLANG_WARN_OBJC_ROOT_CLASS = YES_ERROR;
				CLANG_WARN_QUOTED_INCLUDE_IN_FRAMEWORK_HEADER = YES;
				CLANG_WARN_RANGE_LOOP_ANALYSIS = YES;
				CLANG_WARN_STRICT_PROTOTYPES = YES;
				CLANG_WARN_SUSPICIOUS_MOVE = YES;
				CLANG_WARN_UNGUARDED_AVAILABILITY = YES_AGGRESSIVE;
				CLANG_WARN_UNREACHABLE_CODE = YES;
				CLANG_WARN__DUPLICATE_METHOD_MATCH = YES;
				COPY_PHASE_STRIP = NO;
				DEBUG_INFORMATION_FORMAT = dwarf;
				ENABLE_STRICT_OBJC_MSGSEND = YES;
				ENABLE_TESTABILITY = YES;
				GCC_C_LANGUAGE_STANDARD = gnu11;
				GCC_DYNAMIC_NO_PIC = NO;
				GCC_NO_COMMON_BLOCKS = YES;
				GCC_OPTIMIZATION_LEVEL = 0;
				GCC_PREPROCESSOR_DEFINITIONS = (
					"DEBUG=1",
					"$(inherited)",
				);
				GCC_WARN_64_TO_32_BIT_CONVERSION = YES;
				GCC_WARN_ABOUT_RETURN_TYPE = YES_ERROR;
				GCC_WARN_UNDECLARED_SELECTOR = YES;
				GCC_WARN_UNINITIALIZED_AUTOS = YES_AGGRESSIVE;
				GCC_WARN_UNUSED_FUNCTION = YES;
				GCC_WARN_UNUSED_VARIABLE = YES;
				IPHONEOS_DEPLOYMENT_TARGET = 16.2;
				MTL_ENABLE_DEBUG_INFO = INCLUDE_SOURCE;
				MTL_FAST_MATH = YES;
				ONLY_ACTIVE_ARCH = YES;
				SDKROOT = iphoneos;
				SWIFT_ACTIVE_COMPILATION_CONDITIONS = DEBUG;
				SWIFT_OPTIMIZATION_LEVEL = "-Onone";
			};
			name = Debug;
		};
		5A73F892294CC42B00C169AE /* Release */ = {
			isa = XCBuildConfiguration;
			buildSettings = {
				ALWAYS_SEARCH_USER_PATHS = NO;
				CLANG_ANALYZER_NONNULL = YES;
				CLANG_ANALYZER_NUMBER_OBJECT_CONVERSION = YES_AGGRESSIVE;
				CLANG_CXX_LANGUAGE_STANDARD = "gnu++20";
				CLANG_ENABLE_MODULES = YES;
				CLANG_ENABLE_OBJC_ARC = YES;
				CLANG_ENABLE_OBJC_WEAK = YES;
				CLANG_WARN_BLOCK_CAPTURE_AUTORELEASING = YES;
				CLANG_WARN_BOOL_CONVERSION = YES;
				CLANG_WARN_COMMA = YES;
				CLANG_WARN_CONSTANT_CONVERSION = YES;
				CLANG_WARN_DEPRECATED_OBJC_IMPLEMENTATIONS = YES;
				CLANG_WARN_DIRECT_OBJC_ISA_USAGE = YES_ERROR;
				CLANG_WARN_DOCUMENTATION_COMMENTS = YES;
				CLANG_WARN_EMPTY_BODY = YES;
				CLANG_WARN_ENUM_CONVERSION = YES;
				CLANG_WARN_INFINITE_RECURSION = YES;
				CLANG_WARN_INT_CONVERSION = YES;
				CLANG_WARN_NON_LITERAL_NULL_CONVERSION = YES;
				CLANG_WARN_OBJC_IMPLICIT_RETAIN_SELF = YES;
				CLANG_WARN_OBJC_LITERAL_CONVERSION = YES;
				CLANG_WARN_OBJC_ROOT_CLASS = YES_ERROR;
				CLANG_WARN_QUOTED_INCLUDE_IN_FRAMEWORK_HEADER = YES;
				CLANG_WARN_RANGE_LOOP_ANALYSIS = YES;
				CLANG_WARN_STRICT_PROTOTYPES = YES;
				CLANG_WARN_SUSPICIOUS_MOVE = YES;
				CLANG_WARN_UNGUARDED_AVAILABILITY = YES_AGGRESSIVE;
				CLANG_WARN_UNREACHABLE_CODE = YES;
				CLANG_WARN__DUPLICATE_METHOD_MATCH = YES;
				COPY_PHASE_STRIP = NO;
				DEBUG_INFORMATION_FORMAT = "dwarf-with-dsym";
				ENABLE_NS_ASSERTIONS = NO;
				ENABLE_STRICT_OBJC_MSGSEND = YES;
				GCC_C_LANGUAGE_STANDARD = gnu11;
				GCC_NO_COMMON_BLOCKS = YES;
				GCC_WARN_64_TO_32_BIT_CONVERSION = YES;
				GCC_WARN_ABOUT_RETURN_TYPE = YES_ERROR;
				GCC_WARN_UNDECLARED_SELECTOR = YES;
				GCC_WARN_UNINITIALIZED_AUTOS = YES_AGGRESSIVE;
				GCC_WARN_UNUSED_FUNCTION = YES;
				GCC_WARN_UNUSED_VARIABLE = YES;
				IPHONEOS_DEPLOYMENT_TARGET = 16.2;
				MTL_ENABLE_DEBUG_INFO = NO;
				MTL_FAST_MATH = YES;
				SDKROOT = iphoneos;
				SWIFT_COMPILATION_MODE = wholemodule;
				SWIFT_OPTIMIZATION_LEVEL = "-O";
				VALIDATE_PRODUCT = YES;
			};
			name = Release;
		};
		5A73F894294CC42B00C169AE /* Debug */ = {
			isa = XCBuildConfiguration;
			buildSettings = {
				ASSETCATALOG_COMPILER_APPICON_NAME = AppIcon;
				ASSETCATALOG_COMPILER_GLOBAL_ACCENT_COLOR_NAME = AccentColor;
				CODE_SIGN_STYLE = Automatic;
				CURRENT_PROJECT_VERSION = 1;
				DEVELOPMENT_TEAM = P4DQK6SRKR;
				GENERATE_INFOPLIST_FILE = YES;
				INFOPLIST_FILE = masterofmemes/Info.plist;
				INFOPLIST_KEY_UIApplicationSupportsIndirectInputEvents = YES;
				INFOPLIST_KEY_UILaunchStoryboardName = LaunchScreen;
				INFOPLIST_KEY_UISupportedInterfaceOrientations_iPad = "UIInterfaceOrientationPortrait UIInterfaceOrientationPortraitUpsideDown UIInterfaceOrientationLandscapeLeft UIInterfaceOrientationLandscapeRight";
				INFOPLIST_KEY_UISupportedInterfaceOrientations_iPhone = "UIInterfaceOrientationPortrait UIInterfaceOrientationLandscapeLeft UIInterfaceOrientationLandscapeRight";
				LD_RUNPATH_SEARCH_PATHS = (
					"$(inherited)",
					"@executable_path/Frameworks",
				);
				MARKETING_VERSION = 1.0;
				PRODUCT_BUNDLE_IDENTIFIER = com.marcusziade.masterofmemes;
				PRODUCT_NAME = "$(TARGET_NAME)";
				SWIFT_EMIT_LOC_STRINGS = YES;
				SWIFT_VERSION = 5.0;
				TARGETED_DEVICE_FAMILY = "1,2";
			};
			name = Debug;
		};
		5A73F895294CC42B00C169AE /* Release */ = {
			isa = XCBuildConfiguration;
			buildSettings = {
				ASSETCATALOG_COMPILER_APPICON_NAME = AppIcon;
				ASSETCATALOG_COMPILER_GLOBAL_ACCENT_COLOR_NAME = AccentColor;
				CODE_SIGN_STYLE = Automatic;
				CURRENT_PROJECT_VERSION = 1;
				DEVELOPMENT_TEAM = P4DQK6SRKR;
				GENERATE_INFOPLIST_FILE = YES;
				INFOPLIST_FILE = masterofmemes/Info.plist;
				INFOPLIST_KEY_UIApplicationSupportsIndirectInputEvents = YES;
				INFOPLIST_KEY_UILaunchStoryboardName = LaunchScreen;
				INFOPLIST_KEY_UISupportedInterfaceOrientations_iPad = "UIInterfaceOrientationPortrait UIInterfaceOrientationPortraitUpsideDown UIInterfaceOrientationLandscapeLeft UIInterfaceOrientationLandscapeRight";
				INFOPLIST_KEY_UISupportedInterfaceOrientations_iPhone = "UIInterfaceOrientationPortrait UIInterfaceOrientationLandscapeLeft UIInterfaceOrientationLandscapeRight";
				LD_RUNPATH_SEARCH_PATHS = (
					"$(inherited)",
					"@executable_path/Frameworks",
				);
				MARKETING_VERSION = 1.0;
				PRODUCT_BUNDLE_IDENTIFIER = com.marcusziade.masterofmemes;
				PRODUCT_NAME = "$(TARGET_NAME)";
				SWIFT_EMIT_LOC_STRINGS = YES;
				SWIFT_VERSION = 5.0;
				TARGETED_DEVICE_FAMILY = "1,2";
			};
			name = Release;
		};
/* End XCBuildConfiguration section */

/* Begin XCConfigurationList section */
		5A73F87A294CC42A00C169AE /* Build configuration list for PBXProject "masterofmemes" */ = {
			isa = XCConfigurationList;
			buildConfigurations = (
				5A73F891294CC42B00C169AE /* Debug */,
				5A73F892294CC42B00C169AE /* Release */,
			);
			defaultConfigurationIsVisible = 0;
			defaultConfigurationName = Release;
		};
		5A73F893294CC42B00C169AE /* Build configuration list for PBXNativeTarget "masterofmemes" */ = {
			isa = XCConfigurationList;
			buildConfigurations = (
				5A73F894294CC42B00C169AE /* Debug */,
				5A73F895294CC42B00C169AE /* Release */,
			);
			defaultConfigurationIsVisible = 0;
			defaultConfigurationName = Release;
		};
/* End XCConfigurationList section */
	};
	rootObject = 5A73F877294CC42A00C169AE /* Project object */;
}
